
Microsoft Visual Studio Solution File, Format Version 12.00
# Visual Studio Version 17
VisualStudioVersion = 17.3.32929.385
MinimumVisualStudioVersion = 10.0.40219.1
Project("{FAE04EC0-301F-11D3-BF4B-00C04F79EFBC}") = "DiscordMemoriesBot", "DiscordMemoriesBot\DiscordMemoriesBot.csproj", "{99B8CE6E-C382-48A7-A816-59719E20ECB0}"
EndProject
Global
	GlobalSection(SolutionConfigurationPlatforms) = preSolution
		Debug|Any CPU = Debug|Any CPU
		Release|Any CPU = Release|Any CPU
	EndGlobalSection
	GlobalSection(ProjectConfigurationPlatforms) = postSolution
		{99B8CE6E-C382-48A7-A816-59719E20ECB0}.Debug|Any CPU.ActiveCfg = Debug|Any CPU
		{99B8CE6E-C382-48A7-A816-59719E20ECB0}.Debug|Any CPU.Build.0 = Debug|Any CPU
		{99B8CE6E-C382-48A7-A816-59719E20ECB0}.Release|Any CPU.ActiveCfg = Release|Any CPU
		{99B8CE6E-C382-48A7-A816-59719E20ECB0}.Release|Any CPU.Build.0 = Release|Any CPU
	EndGlobalSection
	GlobalSection(SolutionProperties) = preSolution
		HideSolutionNode = FALSE
	EndGlobalSection
	GlobalSection(ExtensibilityGlobals) = postSolution
		SolutionGuid = {FDF71AE4-C602-4AD8-9AEB-094DE449E016}
	EndGlobalSection
EndGlobal
